
Microsoft Visual Studio Solution File, Format Version 12.00
# Visual Studio 15
VisualStudioVersion = 15.0.27130.2020
MinimumVisualStudioVersion = 10.0.40219.1
Project("{FAE04EC0-301F-11D3-BF4B-00C04F79EFBC}") = "StudentRegistrationWithAPI", "StudentRegistrationWithAPI\StudentRegistrationWithAPI.csproj", "{6F9E4D29-CA36-4A42-B3E2-3D58D54F8AED}"
EndProject
Project("{FAE04EC0-301F-11D3-BF4B-00C04F79EFBC}") = "Item", "Item\Item.csproj", "{FAA1EEBC-A278-41C6-ABEF-49A27223FE13}"
EndProject
Project("{FAE04EC0-301F-11D3-BF4B-00C04F79EFBC}") = "EduDemo", "EduDemo\EduDemo.csproj", "{2D7934EE-314A-454C-A09A-512165A88CAA}"
EndProject
Global
	GlobalSection(SolutionConfigurationPlatforms) = preSolution
		Debug|Any CPU = Debug|Any CPU
		Release|Any CPU = Release|Any CPU
	EndGlobalSection
	GlobalSection(ProjectConfigurationPlatforms) = postSolution
		{6F9E4D29-CA36-4A42-B3E2-3D58D54F8AED}.Debug|Any CPU.ActiveCfg = Debug|Any CPU
		{6F9E4D29-CA36-4A42-B3E2-3D58D54F8AED}.Debug|Any CPU.Build.0 = Debug|Any CPU
		{6F9E4D29-CA36-4A42-B3E2-3D58D54F8AED}.Release|Any CPU.ActiveCfg = Release|Any CPU
		{6F9E4D29-CA36-4A42-B3E2-3D58D54F8AED}.Release|Any CPU.Build.0 = Release|Any CPU
		{FAA1EEBC-A278-41C6-ABEF-49A27223FE13}.Debug|Any CPU.ActiveCfg = Debug|Any CPU
		{FAA1EEBC-A278-41C6-ABEF-49A27223FE13}.Debug|Any CPU.Build.0 = Debug|Any CPU
		{FAA1EEBC-A278-41C6-ABEF-49A27223FE13}.Release|Any CPU.ActiveCfg = Release|Any CPU
		{FAA1EEBC-A278-41C6-ABEF-49A27223FE13}.Release|Any CPU.Build.0 = Release|Any CPU
		{2D7934EE-314A-454C-A09A-512165A88CAA}.Debug|Any CPU.ActiveCfg = Debug|Any CPU
		{2D7934EE-314A-454C-A09A-512165A88CAA}.Debug|Any CPU.Build.0 = Debug|Any CPU
		{2D7934EE-314A-454C-A09A-512165A88CAA}.Release|Any CPU.ActiveCfg = Release|Any CPU
		{2D7934EE-314A-454C-A09A-512165A88CAA}.Release|Any CPU.Build.0 = Release|Any CPU
	EndGlobalSection
	GlobalSection(SolutionProperties) = preSolution
		HideSolutionNode = FALSE
	EndGlobalSection
	GlobalSection(ExtensibilityGlobals) = postSolution
		SolutionGuid = {0612F14F-8D99-4DE9-8A89-91E8260DA3B0}
	EndGlobalSection
EndGlobal
